// !$*UTF8*$!
{
	archiveVersion = 1;
	classes = {
	};
	objectVersion = 46;
	objects = {

/* Begin PBXBuildFile section */
		820132781D36E15A003B1C2C /* ListRunsTableViewController.swift in Sources */ = {isa = PBXBuildFile; fileRef = 820132771D36E15A003B1C2C /* ListRunsTableViewController.swift */; };
		8203E8981D47C313003E7268 /* InterfaceController.swift in Sources */ = {isa = PBXBuildFile; fileRef = 82B476B01D46B5DF00A81A4D /* InterfaceController.swift */; };
		821067091D3D562600694447 /* Løper.xcdatamodeld in Sources */ = {isa = PBXBuildFile; fileRef = 821067071D3D562600694447 /* Løper.xcdatamodeld */; };
		8210670E1D3D591D00694447 /* Run+CoreDataProperties.swift in Sources */ = {isa = PBXBuildFile; fileRef = 8210670A1D3D591D00694447 /* Run+CoreDataProperties.swift */; };
		8210670F1D3D591D00694447 /* Run.swift in Sources */ = {isa = PBXBuildFile; fileRef = 8210670B1D3D591D00694447 /* Run.swift */; };
		821067101D3D591D00694447 /* Location+CoreDataProperties.swift in Sources */ = {isa = PBXBuildFile; fileRef = 8210670C1D3D591D00694447 /* Location+CoreDataProperties.swift */; };
		821067111D3D591D00694447 /* Location.swift in Sources */ = {isa = PBXBuildFile; fileRef = 8210670D1D3D591D00694447 /* Location.swift */; };
		822688231D48000700BCFD46 /* SessionHelper.swift in Sources */ = {isa = PBXBuildFile; fileRef = 822688221D48000700BCFD46 /* SessionHelper.swift */; };
		8249EFC01D466A4C002D033E /* PopupViewController.swift in Sources */ = {isa = PBXBuildFile; fileRef = 8249EFBF1D466A4C002D033E /* PopupViewController.swift */; };
		8249EFC21D469BBF002D033E /* MapKit.framework in Frameworks */ = {isa = PBXBuildFile; fileRef = 8249EFC11D469BBF002D033E /* MapKit.framework */; };
		8284C9AF1D34290000A08EEF /* AppDelegate.swift in Sources */ = {isa = PBXBuildFile; fileRef = 8284C9AE1D34290000A08EEF /* AppDelegate.swift */; };
		8284C9B41D34290000A08EEF /* Main.storyboard in Resources */ = {isa = PBXBuildFile; fileRef = 8284C9B21D34290000A08EEF /* Main.storyboard */; };
		8284C9B61D34290000A08EEF /* Assets.xcassets in Resources */ = {isa = PBXBuildFile; fileRef = 8284C9B51D34290000A08EEF /* Assets.xcassets */; };
		8284C9B91D34290000A08EEF /* LaunchScreen.storyboard in Resources */ = {isa = PBXBuildFile; fileRef = 8284C9B71D34290000A08EEF /* LaunchScreen.storyboard */; };
		8284C9C31D358DE600A08EEF /* RunTrackerViewController.swift in Sources */ = {isa = PBXBuildFile; fileRef = 8284C9C21D358DE600A08EEF /* RunTrackerViewController.swift */; };
		82B476A11D46B5DF00A81A4D /* Interface.storyboard in Resources */ = {isa = PBXBuildFile; fileRef = 82B4769F1D46B5DF00A81A4D /* Interface.storyboard */; };
		82B476A31D46B5DF00A81A4D /* Assets.xcassets in Resources */ = {isa = PBXBuildFile; fileRef = 82B476A21D46B5DF00A81A4D /* Assets.xcassets */; };
		82B476AA1D46B5DF00A81A4D /* Løper WatchKit Extension.appex in Embed App Extensions */ = {isa = PBXBuildFile; fileRef = 82B476A91D46B5DF00A81A4D /* Løper WatchKit Extension.appex */; settings = {ATTRIBUTES = (RemoveHeadersOnCopy, ); }; };
		82B476B31D46B5DF00A81A4D /* ExtensionDelegate.swift in Sources */ = {isa = PBXBuildFile; fileRef = 82B476B21D46B5DF00A81A4D /* ExtensionDelegate.swift */; };
		82B476B51D46B5DF00A81A4D /* NotificationController.swift in Sources */ = {isa = PBXBuildFile; fileRef = 82B476B41D46B5DF00A81A4D /* NotificationController.swift */; };
		82B476B71D46B5DF00A81A4D /* GlanceController.swift in Sources */ = {isa = PBXBuildFile; fileRef = 82B476B61D46B5DF00A81A4D /* GlanceController.swift */; };
		82B476B91D46B5DF00A81A4D /* ComplicationController.swift in Sources */ = {isa = PBXBuildFile; fileRef = 82B476B81D46B5DF00A81A4D /* ComplicationController.swift */; };
		82B476BB1D46B5DF00A81A4D /* Assets.xcassets in Resources */ = {isa = PBXBuildFile; fileRef = 82B476BA1D46B5DF00A81A4D /* Assets.xcassets */; };
		82B476BF1D46B5DF00A81A4D /* Løper WatchKit.app in Embed Watch Content */ = {isa = PBXBuildFile; fileRef = 82B4769D1D46B5DF00A81A4D /* Løper WatchKit.app */; };
		82B476C91D46E0E800A81A4D /* RunDataViewController.swift in Sources */ = {isa = PBXBuildFile; fileRef = 821067051D3D489300694447 /* RunDataViewController.swift */; };
		82B476CB1D47B51400A81A4D /* RunDataCell.swift in Sources */ = {isa = PBXBuildFile; fileRef = 821067031D3D249D00694447 /* RunDataCell.swift */; };
		82B476CE1D47B8C200A81A4D /* HomeViewController.swift in Sources */ = {isa = PBXBuildFile; fileRef = 8284C9C01D342AF500A08EEF /* HomeViewController.swift */; };
		F0B6AAA6E938E116F3649F6E /* Pods_L_per.framework in Frameworks */ = {isa = PBXBuildFile; fileRef = CB44BEE256B38A0A01EBE055 /* Pods_L_per.framework */; };
/* End PBXBuildFile section */

/* Begin PBXContainerItemProxy section */
		82B476AB1D46B5DF00A81A4D /* PBXContainerItemProxy */ = {
			isa = PBXContainerItemProxy;
			containerPortal = 8284C9A31D34290000A08EEF /* Project object */;
			proxyType = 1;
			remoteGlobalIDString = 82B476A81D46B5DF00A81A4D;
			remoteInfo = "Løper WatchKit Extension";
		};
		82B476BD1D46B5DF00A81A4D /* PBXContainerItemProxy */ = {
			isa = PBXContainerItemProxy;
			containerPortal = 8284C9A31D34290000A08EEF /* Project object */;
			proxyType = 1;
			remoteGlobalIDString = 82B4769C1D46B5DF00A81A4D;
			remoteInfo = "Løper WatchKit";
		};
/* End PBXContainerItemProxy section */

/* Begin PBXCopyFilesBuildPhase section */
		824079BD1D45A9E6009056A8 /* Embed Watch Content */ = {
			isa = PBXCopyFilesBuildPhase;
			buildActionMask = 2147483647;
			dstPath = "$(CONTENTS_FOLDER_PATH)/Watch";
			dstSubfolderSpec = 16;
			files = (
				82B476BF1D46B5DF00A81A4D /* Løper WatchKit.app in Embed Watch Content */,
			);
			name = "Embed Watch Content";
			runOnlyForDeploymentPostprocessing = 0;
		};
		82B476C51D46B5DF00A81A4D /* Embed App Extensions */ = {
			isa = PBXCopyFilesBuildPhase;
			buildActionMask = 2147483647;
			dstPath = "";
			dstSubfolderSpec = 13;
			files = (
				82B476AA1D46B5DF00A81A4D /* Løper WatchKit Extension.appex in Embed App Extensions */,
			);
			name = "Embed App Extensions";
			runOnlyForDeploymentPostprocessing = 0;
		};
/* End PBXCopyFilesBuildPhase section */

/* Begin PBXFileReference section */
		7E806B3241EAF30B9A1944F4 /* Pods-Løper.debug.xcconfig */ = {isa = PBXFileReference; includeInIndex = 1; lastKnownFileType = text.xcconfig; name = "Pods-Løper.debug.xcconfig"; path = "Pods/Target Support Files/Pods-Løper/Pods-Løper.debug.xcconfig"; sourceTree = "<group>"; };
		820132771D36E15A003B1C2C /* ListRunsTableViewController.swift */ = {isa = PBXFileReference; fileEncoding = 4; lastKnownFileType = sourcecode.swift; path = ListRunsTableViewController.swift; sourceTree = "<group>"; };
		821067031D3D249D00694447 /* RunDataCell.swift */ = {isa = PBXFileReference; fileEncoding = 4; lastKnownFileType = sourcecode.swift; path = RunDataCell.swift; sourceTree = "<group>"; };
		821067051D3D489300694447 /* RunDataViewController.swift */ = {isa = PBXFileReference; fileEncoding = 4; lastKnownFileType = sourcecode.swift; path = RunDataViewController.swift; sourceTree = "<group>"; };
		821067081D3D562600694447 /* Løper.xcdatamodel */ = {isa = PBXFileReference; lastKnownFileType = wrapper.xcdatamodel; path = "Løper.xcdatamodel"; sourceTree = "<group>"; };
		8210670A1D3D591D00694447 /* Run+CoreDataProperties.swift */ = {isa = PBXFileReference; fileEncoding = 4; lastKnownFileType = sourcecode.swift; path = "Run+CoreDataProperties.swift"; sourceTree = "<group>"; };
		8210670B1D3D591D00694447 /* Run.swift */ = {isa = PBXFileReference; fileEncoding = 4; lastKnownFileType = sourcecode.swift; path = Run.swift; sourceTree = "<group>"; };
		8210670C1D3D591D00694447 /* Location+CoreDataProperties.swift */ = {isa = PBXFileReference; fileEncoding = 4; lastKnownFileType = sourcecode.swift; path = "Location+CoreDataProperties.swift"; sourceTree = "<group>"; };
		8210670D1D3D591D00694447 /* Location.swift */ = {isa = PBXFileReference; fileEncoding = 4; lastKnownFileType = sourcecode.swift; path = Location.swift; sourceTree = "<group>"; };
		822688221D48000700BCFD46 /* SessionHelper.swift */ = {isa = PBXFileReference; fileEncoding = 4; lastKnownFileType = sourcecode.swift; path = SessionHelper.swift; sourceTree = "<group>"; };
		8249EFBF1D466A4C002D033E /* PopupViewController.swift */ = {isa = PBXFileReference; fileEncoding = 4; lastKnownFileType = sourcecode.swift; path = PopupViewController.swift; sourceTree = "<group>"; };
		8249EFC11D469BBF002D033E /* MapKit.framework */ = {isa = PBXFileReference; lastKnownFileType = wrapper.framework; name = MapKit.framework; path = System/Library/Frameworks/MapKit.framework; sourceTree = SDKROOT; };
		8284C9AB1D34290000A08EEF /* Løper.app */ = {isa = PBXFileReference; explicitFileType = wrapper.application; includeInIndex = 0; path = "Løper.app"; sourceTree = BUILT_PRODUCTS_DIR; };
		8284C9AE1D34290000A08EEF /* AppDelegate.swift */ = {isa = PBXFileReference; lastKnownFileType = sourcecode.swift; path = AppDelegate.swift; sourceTree = "<group>"; };
		8284C9B31D34290000A08EEF /* Base */ = {isa = PBXFileReference; lastKnownFileType = file.storyboard; name = Base; path = Base.lproj/Main.storyboard; sourceTree = "<group>"; };
		8284C9B51D34290000A08EEF /* Assets.xcassets */ = {isa = PBXFileReference; lastKnownFileType = folder.assetcatalog; path = Assets.xcassets; sourceTree = "<group>"; };
		8284C9B81D34290000A08EEF /* Base */ = {isa = PBXFileReference; lastKnownFileType = file.storyboard; name = Base; path = Base.lproj/LaunchScreen.storyboard; sourceTree = "<group>"; };
		8284C9BA1D34290000A08EEF /* Info.plist */ = {isa = PBXFileReference; lastKnownFileType = text.plist.xml; path = Info.plist; sourceTree = "<group>"; };
		8284C9C01D342AF500A08EEF /* HomeViewController.swift */ = {isa = PBXFileReference; fileEncoding = 4; lastKnownFileType = sourcecode.swift; path = HomeViewController.swift; sourceTree = "<group>"; };
		8284C9C21D358DE600A08EEF /* RunTrackerViewController.swift */ = {isa = PBXFileReference; fileEncoding = 4; lastKnownFileType = sourcecode.swift; path = RunTrackerViewController.swift; sourceTree = "<group>"; };
		82B4769D1D46B5DF00A81A4D /* Løper WatchKit.app */ = {isa = PBXFileReference; explicitFileType = wrapper.application; includeInIndex = 0; path = "Løper WatchKit.app"; sourceTree = BUILT_PRODUCTS_DIR; };
		82B476A01D46B5DF00A81A4D /* Base */ = {isa = PBXFileReference; lastKnownFileType = file.storyboard; name = Base; path = Base.lproj/Interface.storyboard; sourceTree = "<group>"; };
		82B476A21D46B5DF00A81A4D /* Assets.xcassets */ = {isa = PBXFileReference; lastKnownFileType = folder.assetcatalog; path = Assets.xcassets; sourceTree = "<group>"; };
		82B476A41D46B5DF00A81A4D /* Info.plist */ = {isa = PBXFileReference; lastKnownFileType = text.plist.xml; path = Info.plist; sourceTree = "<group>"; };
		82B476A91D46B5DF00A81A4D /* Løper WatchKit Extension.appex */ = {isa = PBXFileReference; explicitFileType = "wrapper.app-extension"; includeInIndex = 0; path = "Løper WatchKit Extension.appex"; sourceTree = BUILT_PRODUCTS_DIR; };
		82B476AF1D46B5DF00A81A4D /* PushNotificationPayload.apns */ = {isa = PBXFileReference; lastKnownFileType = text; path = PushNotificationPayload.apns; sourceTree = "<group>"; };
		82B476B01D46B5DF00A81A4D /* InterfaceController.swift */ = {isa = PBXFileReference; lastKnownFileType = sourcecode.swift; path = InterfaceController.swift; sourceTree = "<group>"; };
		82B476B21D46B5DF00A81A4D /* ExtensionDelegate.swift */ = {isa = PBXFileReference; lastKnownFileType = sourcecode.swift; path = ExtensionDelegate.swift; sourceTree = "<group>"; };
		82B476B41D46B5DF00A81A4D /* NotificationController.swift */ = {isa = PBXFileReference; lastKnownFileType = sourcecode.swift; path = NotificationController.swift; sourceTree = "<group>"; };
		82B476B61D46B5DF00A81A4D /* GlanceController.swift */ = {isa = PBXFileReference; lastKnownFileType = sourcecode.swift; path = GlanceController.swift; sourceTree = "<group>"; };
		82B476B81D46B5DF00A81A4D /* ComplicationController.swift */ = {isa = PBXFileReference; lastKnownFileType = sourcecode.swift; path = ComplicationController.swift; sourceTree = "<group>"; };
		82B476BA1D46B5DF00A81A4D /* Assets.xcassets */ = {isa = PBXFileReference; lastKnownFileType = folder.assetcatalog; path = Assets.xcassets; sourceTree = "<group>"; };
		82B476BC1D46B5DF00A81A4D /* Info.plist */ = {isa = PBXFileReference; lastKnownFileType = text.plist.xml; path = Info.plist; sourceTree = "<group>"; };
		CB44BEE256B38A0A01EBE055 /* Pods_L_per.framework */ = {isa = PBXFileReference; explicitFileType = wrapper.framework; includeInIndex = 0; path = Pods_L_per.framework; sourceTree = BUILT_PRODUCTS_DIR; };
		CEC97581B2C061E153DF6306 /* Pods-Løper.release.xcconfig */ = {isa = PBXFileReference; includeInIndex = 1; lastKnownFileType = text.xcconfig; name = "Pods-Løper.release.xcconfig"; path = "Pods/Target Support Files/Pods-Løper/Pods-Løper.release.xcconfig"; sourceTree = "<group>"; };
/* End PBXFileReference section */

/* Begin PBXFrameworksBuildPhase section */
		8284C9A81D34290000A08EEF /* Frameworks */ = {
			isa = PBXFrameworksBuildPhase;
			buildActionMask = 2147483647;
			files = (
				8249EFC21D469BBF002D033E /* MapKit.framework in Frameworks */,
				F0B6AAA6E938E116F3649F6E /* Pods_L_per.framework in Frameworks */,
			);
			runOnlyForDeploymentPostprocessing = 0;
		};
		82B476A61D46B5DF00A81A4D /* Frameworks */ = {
			isa = PBXFrameworksBuildPhase;
			buildActionMask = 2147483647;
			files = (
			);
			runOnlyForDeploymentPostprocessing = 0;
		};
/* End PBXFrameworksBuildPhase section */

/* Begin PBXGroup section */
		1A51455C7FB24BDE6E0E639A /* Pods */ = {
			isa = PBXGroup;
			children = (
				7E806B3241EAF30B9A1944F4 /* Pods-Løper.debug.xcconfig */,
				CEC97581B2C061E153DF6306 /* Pods-Løper.release.xcconfig */,
			);
			name = Pods;
			sourceTree = "<group>";
		};
		821067121D3D5B3500694447 /* Models */ = {
			isa = PBXGroup;
			children = (
				8210670A1D3D591D00694447 /* Run+CoreDataProperties.swift */,
				8210670B1D3D591D00694447 /* Run.swift */,
				8210670C1D3D591D00694447 /* Location+CoreDataProperties.swift */,
				8210670D1D3D591D00694447 /* Location.swift */,
			);
			name = Models;
			sourceTree = "<group>";
		};
		8284C9A21D34290000A08EEF = {
			isa = PBXGroup;
			children = (
				8284C9AD1D34290000A08EEF /* Løper */,
				82B4769E1D46B5DF00A81A4D /* Løper WatchKit */,
				82B476AD1D46B5DF00A81A4D /* Løper WatchKit Extension */,
				8284C9AC1D34290000A08EEF /* Products */,
				1A51455C7FB24BDE6E0E639A /* Pods */,
				89F44B51CAF1C81EEA23A349 /* Frameworks */,
			);
			sourceTree = "<group>";
		};
		8284C9AC1D34290000A08EEF /* Products */ = {
			isa = PBXGroup;
			children = (
				8284C9AB1D34290000A08EEF /* Løper.app */,
				82B4769D1D46B5DF00A81A4D /* Løper WatchKit.app */,
				82B476A91D46B5DF00A81A4D /* Løper WatchKit Extension.appex */,
			);
			name = Products;
			sourceTree = "<group>";
		};
		8284C9AD1D34290000A08EEF /* Løper */ = {
			isa = PBXGroup;
			children = (
				821067121D3D5B3500694447 /* Models */,
				821067071D3D562600694447 /* Løper.xcdatamodeld */,
				8284C9AE1D34290000A08EEF /* AppDelegate.swift */,
				8284C9C01D342AF500A08EEF /* HomeViewController.swift */,
				8284C9C21D358DE600A08EEF /* RunTrackerViewController.swift */,
				8249EFBF1D466A4C002D033E /* PopupViewController.swift */,
				820132771D36E15A003B1C2C /* ListRunsTableViewController.swift */,
				821067051D3D489300694447 /* RunDataViewController.swift */,
				821067031D3D249D00694447 /* RunDataCell.swift */,
				8284C9B21D34290000A08EEF /* Main.storyboard */,
				8284C9B51D34290000A08EEF /* Assets.xcassets */,
				8284C9B71D34290000A08EEF /* LaunchScreen.storyboard */,
				8284C9BA1D34290000A08EEF /* Info.plist */,
			);
			path = "Løper";
			sourceTree = "<group>";
		};
		82B4769E1D46B5DF00A81A4D /* Løper WatchKit */ = {
			isa = PBXGroup;
			children = (
				82B4769F1D46B5DF00A81A4D /* Interface.storyboard */,
				82B476A21D46B5DF00A81A4D /* Assets.xcassets */,
				82B476A41D46B5DF00A81A4D /* Info.plist */,
			);
			path = "Løper WatchKit";
			sourceTree = "<group>";
		};
		82B476AD1D46B5DF00A81A4D /* Løper WatchKit Extension */ = {
			isa = PBXGroup;
			children = (
				822688221D48000700BCFD46 /* SessionHelper.swift */,
				82B476B01D46B5DF00A81A4D /* InterfaceController.swift */,
				82B476B21D46B5DF00A81A4D /* ExtensionDelegate.swift */,
				82B476B41D46B5DF00A81A4D /* NotificationController.swift */,
				82B476B61D46B5DF00A81A4D /* GlanceController.swift */,
				82B476B81D46B5DF00A81A4D /* ComplicationController.swift */,
				82B476BA1D46B5DF00A81A4D /* Assets.xcassets */,
				82B476BC1D46B5DF00A81A4D /* Info.plist */,
				82B476AE1D46B5DF00A81A4D /* Supporting Files */,
			);
			path = "Løper WatchKit Extension";
			sourceTree = "<group>";
		};
		82B476AE1D46B5DF00A81A4D /* Supporting Files */ = {
			isa = PBXGroup;
			children = (
				82B476AF1D46B5DF00A81A4D /* PushNotificationPayload.apns */,
			);
			name = "Supporting Files";
			sourceTree = "<group>";
		};
		89F44B51CAF1C81EEA23A349 /* Frameworks */ = {
			isa = PBXGroup;
			children = (
				8249EFC11D469BBF002D033E /* MapKit.framework */,
				CB44BEE256B38A0A01EBE055 /* Pods_L_per.framework */,
			);
			name = Frameworks;
			sourceTree = "<group>";
		};
/* End PBXGroup section */

/* Begin PBXNativeTarget section */
		8284C9AA1D34290000A08EEF /* Løper */ = {
			isa = PBXNativeTarget;
			buildConfigurationList = 8284C9BD1D34290000A08EEF /* Build configuration list for PBXNativeTarget "Løper" */;
			buildPhases = (
				D14820CBADE83A609CE9BC69 /* [CP] Check Pods Manifest.lock */,
				8284C9A71D34290000A08EEF /* Sources */,
				8284C9A81D34290000A08EEF /* Frameworks */,
				8284C9A91D34290000A08EEF /* Resources */,
				50AB841B26D05DD937AF3C45 /* [CP] Embed Pods Frameworks */,
				65C4DD2807303582383B0C3A /* [CP] Copy Pods Resources */,
				824079BD1D45A9E6009056A8 /* Embed Watch Content */,
			);
			buildRules = (
			);
			dependencies = (
				82B476BE1D46B5DF00A81A4D /* PBXTargetDependency */,
			);
			name = "Løper";
			productName = "Løper";
			productReference = 8284C9AB1D34290000A08EEF /* Løper.app */;
			productType = "com.apple.product-type.application";
		};
		82B4769C1D46B5DF00A81A4D /* Løper WatchKit */ = {
			isa = PBXNativeTarget;
			buildConfigurationList = 82B476C61D46B5DF00A81A4D /* Build configuration list for PBXNativeTarget "Løper WatchKit" */;
			buildPhases = (
				82B4769B1D46B5DF00A81A4D /* Resources */,
				82B476C51D46B5DF00A81A4D /* Embed App Extensions */,
			);
			buildRules = (
			);
			dependencies = (
				82B476AC1D46B5DF00A81A4D /* PBXTargetDependency */,
			);
			name = "Løper WatchKit";
			productName = "Løper WatchKit";
			productReference = 82B4769D1D46B5DF00A81A4D /* Løper WatchKit.app */;
			productType = "com.apple.product-type.application.watchapp2";
		};
		82B476A81D46B5DF00A81A4D /* Løper WatchKit Extension */ = {
			isa = PBXNativeTarget;
			buildConfigurationList = 82B476C41D46B5DF00A81A4D /* Build configuration list for PBXNativeTarget "Løper WatchKit Extension" */;
			buildPhases = (
				82B476A51D46B5DF00A81A4D /* Sources */,
				82B476A61D46B5DF00A81A4D /* Frameworks */,
				82B476A71D46B5DF00A81A4D /* Resources */,
			);
			buildRules = (
			);
			dependencies = (
			);
			name = "Løper WatchKit Extension";
			productName = "Løper WatchKit Extension";
			productReference = 82B476A91D46B5DF00A81A4D /* Løper WatchKit Extension.appex */;
			productType = "com.apple.product-type.watchkit2-extension";
		};
/* End PBXNativeTarget section */

/* Begin PBXProject section */
		8284C9A31D34290000A08EEF /* Project object */ = {
			isa = PBXProject;
			attributes = {
				LastSwiftUpdateCheck = 0730;
				LastUpgradeCheck = 0730;
				ORGANIZATIONNAME = "Caleb Rudnicki";
				TargetAttributes = {
					8284C9AA1D34290000A08EEF = {
						CreatedOnToolsVersion = 7.3.1;
						DevelopmentTeam = FNL2LKL956;
						SystemCapabilities = {
							com.apple.BackgroundModes = {
								enabled = 1;
							};
							com.apple.Maps.iOS = {
								enabled = 1;
							};
						};
					};
					82B4769C1D46B5DF00A81A4D = {
						CreatedOnToolsVersion = 7.3.1;
						DevelopmentTeam = FNL2LKL956;
					};
					82B476A81D46B5DF00A81A4D = {
						CreatedOnToolsVersion = 7.3.1;
						DevelopmentTeam = FNL2LKL956;
					};
				};
			};
			buildConfigurationList = 8284C9A61D34290000A08EEF /* Build configuration list for PBXProject "Løper" */;
			compatibilityVersion = "Xcode 3.2";
			developmentRegion = English;
			hasScannedForEncodings = 0;
			knownRegions = (
				en,
				Base,
			);
			mainGroup = 8284C9A21D34290000A08EEF;
			productRefGroup = 8284C9AC1D34290000A08EEF /* Products */;
			projectDirPath = "";
			projectRoot = "";
			targets = (
				8284C9AA1D34290000A08EEF /* Løper */,
				82B4769C1D46B5DF00A81A4D /* Løper WatchKit */,
				82B476A81D46B5DF00A81A4D /* Løper WatchKit Extension */,
			);
		};
/* End PBXProject section */

/* Begin PBXResourcesBuildPhase section */
		8284C9A91D34290000A08EEF /* Resources */ = {
			isa = PBXResourcesBuildPhase;
			buildActionMask = 2147483647;
			files = (
				8284C9B91D34290000A08EEF /* LaunchScreen.storyboard in Resources */,
				8284C9B61D34290000A08EEF /* Assets.xcassets in Resources */,
				8284C9B41D34290000A08EEF /* Main.storyboard in Resources */,
			);
			runOnlyForDeploymentPostprocessing = 0;
		};
		82B4769B1D46B5DF00A81A4D /* Resources */ = {
			isa = PBXResourcesBuildPhase;
			buildActionMask = 2147483647;
			files = (
				82B476A31D46B5DF00A81A4D /* Assets.xcassets in Resources */,
				82B476A11D46B5DF00A81A4D /* Interface.storyboard in Resources */,
			);
			runOnlyForDeploymentPostprocessing = 0;
		};
		82B476A71D46B5DF00A81A4D /* Resources */ = {
			isa = PBXResourcesBuildPhase;
			buildActionMask = 2147483647;
			files = (
				82B476BB1D46B5DF00A81A4D /* Assets.xcassets in Resources */,
			);
			runOnlyForDeploymentPostprocessing = 0;
		};
/* End PBXResourcesBuildPhase section */

/* Begin PBXShellScriptBuildPhase section */
		50AB841B26D05DD937AF3C45 /* [CP] Embed Pods Frameworks */ = {
			isa = PBXShellScriptBuildPhase;
			buildActionMask = 2147483647;
			files = (
			);
			inputPaths = (
			);
			name = "[CP] Embed Pods Frameworks";
			outputPaths = (
			);
			runOnlyForDeploymentPostprocessing = 0;
			shellPath = /bin/sh;
			shellScript = "\"${SRCROOT}/Pods/Target Support Files/Pods-Løper/Pods-Løper-frameworks.sh\"\n";
			showEnvVarsInLog = 0;
		};
		65C4DD2807303582383B0C3A /* [CP] Copy Pods Resources */ = {
			isa = PBXShellScriptBuildPhase;
			buildActionMask = 2147483647;
			files = (
			);
			inputPaths = (
			);
			name = "[CP] Copy Pods Resources";
			outputPaths = (
			);
			runOnlyForDeploymentPostprocessing = 0;
			shellPath = /bin/sh;
			shellScript = "\"${SRCROOT}/Pods/Target Support Files/Pods-Løper/Pods-Løper-resources.sh\"\n";
			showEnvVarsInLog = 0;
		};
		D14820CBADE83A609CE9BC69 /* [CP] Check Pods Manifest.lock */ = {
			isa = PBXShellScriptBuildPhase;
			buildActionMask = 2147483647;
			files = (
			);
			inputPaths = (
			);
			name = "[CP] Check Pods Manifest.lock";
			outputPaths = (
			);
			runOnlyForDeploymentPostprocessing = 0;
			shellPath = /bin/sh;
			shellScript = "diff \"${PODS_ROOT}/../Podfile.lock\" \"${PODS_ROOT}/Manifest.lock\" > /dev/null\nif [[ $? != 0 ]] ; then\n    cat << EOM\nerror: The sandbox is not in sync with the Podfile.lock. Run 'pod install' or update your CocoaPods installation.\nEOM\n    exit 1\nfi\n";
			showEnvVarsInLog = 0;
		};
/* End PBXShellScriptBuildPhase section */

/* Begin PBXSourcesBuildPhase section */
		8284C9A71D34290000A08EEF /* Sources */ = {
			isa = PBXSourcesBuildPhase;
			buildActionMask = 2147483647;
			files = (
				8284C9AF1D34290000A08EEF /* AppDelegate.swift in Sources */,
				82B476C91D46E0E800A81A4D /* RunDataViewController.swift in Sources */,
				821067101D3D591D00694447 /* Location+CoreDataProperties.swift in Sources */,
				820132781D36E15A003B1C2C /* ListRunsTableViewController.swift in Sources */,
				8249EFC01D466A4C002D033E /* PopupViewController.swift in Sources */,
				82B476CB1D47B51400A81A4D /* RunDataCell.swift in Sources */,
				8210670F1D3D591D00694447 /* Run.swift in Sources */,
				821067091D3D562600694447 /* Løper.xcdatamodeld in Sources */,
				8210670E1D3D591D00694447 /* Run+CoreDataProperties.swift in Sources */,
				821067111D3D591D00694447 /* Location.swift in Sources */,
				8284C9C31D358DE600A08EEF /* RunTrackerViewController.swift in Sources */,
				82B476CE1D47B8C200A81A4D /* HomeViewController.swift in Sources */,
			);
			runOnlyForDeploymentPostprocessing = 0;
		};
		82B476A51D46B5DF00A81A4D /* Sources */ = {
			isa = PBXSourcesBuildPhase;
			buildActionMask = 2147483647;
			files = (
				8203E8981D47C313003E7268 /* InterfaceController.swift in Sources */,
				82B476B51D46B5DF00A81A4D /* NotificationController.swift in Sources */,
				82B476B31D46B5DF00A81A4D /* ExtensionDelegate.swift in Sources */,
				82B476B91D46B5DF00A81A4D /* ComplicationController.swift in Sources */,
				822688231D48000700BCFD46 /* SessionHelper.swift in Sources */,
				82B476B71D46B5DF00A81A4D /* GlanceController.swift in Sources */,
			);
			runOnlyForDeploymentPostprocessing = 0;
		};
/* End PBXSourcesBuildPhase section */

/* Begin PBXTargetDependency section */
		82B476AC1D46B5DF00A81A4D /* PBXTargetDependency */ = {
			isa = PBXTargetDependency;
			target = 82B476A81D46B5DF00A81A4D /* Løper WatchKit Extension */;
			targetProxy = 82B476AB1D46B5DF00A81A4D /* PBXContainerItemProxy */;
		};
		82B476BE1D46B5DF00A81A4D /* PBXTargetDependency */ = {
			isa = PBXTargetDependency;
			target = 82B4769C1D46B5DF00A81A4D /* Løper WatchKit */;
			targetProxy = 82B476BD1D46B5DF00A81A4D /* PBXContainerItemProxy */;
		};
/* End PBXTargetDependency section */

/* Begin PBXVariantGroup section */
		8284C9B21D34290000A08EEF /* Main.storyboard */ = {
			isa = PBXVariantGroup;
			children = (
				8284C9B31D34290000A08EEF /* Base */,
			);
			name = Main.storyboard;
			sourceTree = "<group>";
		};
		8284C9B71D34290000A08EEF /* LaunchScreen.storyboard */ = {
			isa = PBXVariantGroup;
			children = (
				8284C9B81D34290000A08EEF /* Base */,
			);
			name = LaunchScreen.storyboard;
			sourceTree = "<group>";
		};
		82B4769F1D46B5DF00A81A4D /* Interface.storyboard */ = {
			isa = PBXVariantGroup;
			children = (
				82B476A01D46B5DF00A81A4D /* Base */,
			);
			name = Interface.storyboard;
			sourceTree = "<group>";
		};
/* End PBXVariantGroup section */

/* Begin XCBuildConfiguration section */
		8284C9BB1D34290000A08EEF /* Debug */ = {
			isa = XCBuildConfiguration;
			buildSettings = {
				ALWAYS_SEARCH_USER_PATHS = NO;
				CLANG_ANALYZER_NONNULL = YES;
				CLANG_CXX_LANGUAGE_STANDARD = "gnu++0x";
				CLANG_CXX_LIBRARY = "libc++";
				CLANG_ENABLE_MODULES = YES;
				CLANG_ENABLE_OBJC_ARC = YES;
				CLANG_WARN_BOOL_CONVERSION = YES;
				CLANG_WARN_CONSTANT_CONVERSION = YES;
				CLANG_WARN_DIRECT_OBJC_ISA_USAGE = YES_ERROR;
				CLANG_WARN_EMPTY_BODY = YES;
				CLANG_WARN_ENUM_CONVERSION = YES;
				CLANG_WARN_INT_CONVERSION = YES;
				CLANG_WARN_OBJC_ROOT_CLASS = YES_ERROR;
				CLANG_WARN_UNREACHABLE_CODE = YES;
				CLANG_WARN__DUPLICATE_METHOD_MATCH = YES;
				"CODE_SIGN_IDENTITY[sdk=iphoneos*]" = "iPhone Developer";
				COPY_PHASE_STRIP = NO;
				DEBUG_INFORMATION_FORMAT = dwarf;
				ENABLE_STRICT_OBJC_MSGSEND = YES;
				ENABLE_TESTABILITY = YES;
				GCC_C_LANGUAGE_STANDARD = gnu99;
				GCC_DYNAMIC_NO_PIC = NO;
				GCC_NO_COMMON_BLOCKS = YES;
				GCC_OPTIMIZATION_LEVEL = 0;
				GCC_PREPROCESSOR_DEFINITIONS = (
					"DEBUG=1",
					"$(inherited)",
				);
				GCC_WARN_64_TO_32_BIT_CONVERSION = YES;
				GCC_WARN_ABOUT_RETURN_TYPE = YES_ERROR;
				GCC_WARN_UNDECLARED_SELECTOR = YES;
				GCC_WARN_UNINITIALIZED_AUTOS = YES_AGGRESSIVE;
				GCC_WARN_UNUSED_FUNCTION = YES;
				GCC_WARN_UNUSED_VARIABLE = YES;
				IPHONEOS_DEPLOYMENT_TARGET = 9.3;
				MTL_ENABLE_DEBUG_INFO = YES;
				ONLY_ACTIVE_ARCH = YES;
				SDKROOT = iphoneos;
				SWIFT_OPTIMIZATION_LEVEL = "-Onone";
			};
			name = Debug;
		};
		8284C9BC1D34290000A08EEF /* Release */ = {
			isa = XCBuildConfiguration;
			buildSettings = {
				ALWAYS_SEARCH_USER_PATHS = NO;
				CLANG_ANALYZER_NONNULL = YES;
				CLANG_CXX_LANGUAGE_STANDARD = "gnu++0x";
				CLANG_CXX_LIBRARY = "libc++";
				CLANG_ENABLE_MODULES = YES;
				CLANG_ENABLE_OBJC_ARC = YES;
				CLANG_WARN_BOOL_CONVERSION = YES;
				CLANG_WARN_CONSTANT_CONVERSION = YES;
				CLANG_WARN_DIRECT_OBJC_ISA_USAGE = YES_ERROR;
				CLANG_WARN_EMPTY_BODY = YES;
				CLANG_WARN_ENUM_CONVERSION = YES;
				CLANG_WARN_INT_CONVERSION = YES;
				CLANG_WARN_OBJC_ROOT_CLASS = YES_ERROR;
				CLANG_WARN_UNREACHABLE_CODE = YES;
				CLANG_WARN__DUPLICATE_METHOD_MATCH = YES;
				"CODE_SIGN_IDENTITY[sdk=iphoneos*]" = "iPhone Developer";
				COPY_PHASE_STRIP = NO;
				DEBUG_INFORMATION_FORMAT = "dwarf-with-dsym";
				ENABLE_NS_ASSERTIONS = NO;
				ENABLE_STRICT_OBJC_MSGSEND = YES;
				GCC_C_LANGUAGE_STANDARD = gnu99;
				GCC_NO_COMMON_BLOCKS = YES;
				GCC_WARN_64_TO_32_BIT_CONVERSION = YES;
				GCC_WARN_ABOUT_RETURN_TYPE = YES_ERROR;
				GCC_WARN_UNDECLARED_SELECTOR = YES;
				GCC_WARN_UNINITIALIZED_AUTOS = YES_AGGRESSIVE;
				GCC_WARN_UNUSED_FUNCTION = YES;
				GCC_WARN_UNUSED_VARIABLE = YES;
				IPHONEOS_DEPLOYMENT_TARGET = 9.3;
				MTL_ENABLE_DEBUG_INFO = NO;
				SDKROOT = iphoneos;
				VALIDATE_PRODUCT = YES;
			};
			name = Release;
		};
		8284C9BE1D34290000A08EEF /* Debug */ = {
			isa = XCBuildConfiguration;
			baseConfigurationReference = 7E806B3241EAF30B9A1944F4 /* Pods-Løper.debug.xcconfig */;
			buildSettings = {
				ASSETCATALOG_COMPILER_APPICON_NAME = AppIcon;
				INFOPLIST_FILE = "Løper/Info.plist";
				LD_RUNPATH_SEARCH_PATHS = "$(inherited) @executable_path/Frameworks";
				PRODUCT_BUNDLE_IDENTIFIER = "com.example.L-per";
				PRODUCT_NAME = "$(TARGET_NAME)";
			};
			name = Debug;
		};
		8284C9BF1D34290000A08EEF /* Release */ = {
			isa = XCBuildConfiguration;
			baseConfigurationReference = CEC97581B2C061E153DF6306 /* Pods-Løper.release.xcconfig */;
			buildSettings = {
				ASSETCATALOG_COMPILER_APPICON_NAME = AppIcon;
				INFOPLIST_FILE = "Løper/Info.plist";
				LD_RUNPATH_SEARCH_PATHS = "$(inherited) @executable_path/Frameworks";
				PRODUCT_BUNDLE_IDENTIFIER = "com.example.L-per";
				PRODUCT_NAME = "$(TARGET_NAME)";
			};
			name = Release;
		};
		82B476C01D46B5DF00A81A4D /* Debug */ = {
			isa = XCBuildConfiguration;
			buildSettings = {
				ASSETCATALOG_COMPILER_APPICON_NAME = AppIcon;
				EMBEDDED_CONTENT_CONTAINS_SWIFT = YES;
				IBSC_MODULE = L_per_WatchKit_Extension;
				INFOPLIST_FILE = "Løper WatchKit/Info.plist";
				PRODUCT_BUNDLE_IDENTIFIER = "com.example.L-per.watchkitapp";
				PRODUCT_NAME = "$(TARGET_NAME)";
				SDKROOT = watchos;
				SKIP_INSTALL = YES;
				TARGETED_DEVICE_FAMILY = 4;
				WATCHOS_DEPLOYMENT_TARGET = 2.2;
			};
			name = Debug;
		};
		82B476C11D46B5DF00A81A4D /* Release */ = {
			isa = XCBuildConfiguration;
			buildSettings = {
				ASSETCATALOG_COMPILER_APPICON_NAME = AppIcon;
				EMBEDDED_CONTENT_CONTAINS_SWIFT = YES;
				IBSC_MODULE = L_per_WatchKit_Extension;
				INFOPLIST_FILE = "Løper WatchKit/Info.plist";
				PRODUCT_BUNDLE_IDENTIFIER = "com.example.L-per.watchkitapp";
				PRODUCT_NAME = "$(TARGET_NAME)";
				SDKROOT = watchos;
				SKIP_INSTALL = YES;
				TARGETED_DEVICE_FAMILY = 4;
				WATCHOS_DEPLOYMENT_TARGET = 2.2;
			};
			name = Release;
		};
		82B476C21D46B5DF00A81A4D /* Debug */ = {
			isa = XCBuildConfiguration;
			buildSettings = {
				ASSETCATALOG_COMPILER_COMPLICATION_NAME = Complication;
				INFOPLIST_FILE = "Løper WatchKit Extension/Info.plist";
				LD_RUNPATH_SEARCH_PATHS = "$(inherited) @executable_path/Frameworks @executable_path/../../Frameworks";
				PRODUCT_BUNDLE_IDENTIFIER = "com.example.L-per.watchkitapp.watchkitextension";
				PRODUCT_NAME = "${TARGET_NAME}";
				SDKROOT = watchos;
				SKIP_INSTALL = YES;
				TARGETED_DEVICE_FAMILY = 4;
				WATCHOS_DEPLOYMENT_TARGET = 2.2;
			};
			name = Debug;
		};
		82B476C31D46B5DF00A81A4D /* Release */ = {
			isa = XCBuildConfiguration;
			buildSettings = {
				ASSETCATALOG_COMPILER_COMPLICATION_NAME = Complication;
				INFOPLIST_FILE = "Løper WatchKit Extension/Info.plist";
				LD_RUNPATH_SEARCH_PATHS = "$(inherited) @executable_path/Frameworks @executable_path/../../Frameworks";
				PRODUCT_BUNDLE_IDENTIFIER = "com.example.L-per.watchkitapp.watchkitextension";
				PRODUCT_NAME = "${TARGET_NAME}";
				SDKROOT = watchos;
				SKIP_INSTALL = YES;
				TARGETED_DEVICE_FAMILY = 4;
				WATCHOS_DEPLOYMENT_TARGET = 2.2;
			};
			name = Release;
		};
/* End XCBuildConfiguration section */

/* Begin XCConfigurationList section */
		8284C9A61D34290000A08EEF /* Build configuration list for PBXProject "Løper" */ = {
			isa = XCConfigurationList;
			buildConfigurations = (
				8284C9BB1D34290000A08EEF /* Debug */,
				8284C9BC1D34290000A08EEF /* Release */,
			);
			defaultConfigurationIsVisible = 0;
			defaultConfigurationName = Release;
		};
		8284C9BD1D34290000A08EEF /* Build configuration list for PBXNativeTarget "Løper" */ = {
			isa = XCConfigurationList;
			buildConfigurations = (
				8284C9BE1D34290000A08EEF /* Debug */,
				8284C9BF1D34290000A08EEF /* Release */,
			);
			defaultConfigurationIsVisible = 0;
			defaultConfigurationName = Release;
		};
		82B476C41D46B5DF00A81A4D /* Build configuration list for PBXNativeTarget "Løper WatchKit Extension" */ = {
			isa = XCConfigurationList;
			buildConfigurations = (
				82B476C21D46B5DF00A81A4D /* Debug */,
				82B476C31D46B5DF00A81A4D /* Release */,
			);
			defaultConfigurationIsVisible = 0;
			defaultConfigurationName = Release;
		};
		82B476C61D46B5DF00A81A4D /* Build configuration list for PBXNativeTarget "Løper WatchKit" */ = {
			isa = XCConfigurationList;
			buildConfigurations = (
				82B476C01D46B5DF00A81A4D /* Debug */,
				82B476C11D46B5DF00A81A4D /* Release */,
			);
			defaultConfigurationIsVisible = 0;
			defaultConfigurationName = Release;
		};
/* End XCConfigurationList section */

/* Begin XCVersionGroup section */
		821067071D3D562600694447 /* Løper.xcdatamodeld */ = {
			isa = XCVersionGroup;
			children = (
				821067081D3D562600694447 /* Løper.xcdatamodel */,
			);
			currentVersion = 821067081D3D562600694447 /* Løper.xcdatamodel */;
			path = "Løper.xcdatamodeld";
			sourceTree = "<group>";
			versionGroupType = wrapper.xcdatamodel;
		};
/* End XCVersionGroup section */
	};
	rootObject = 8284C9A31D34290000A08EEF /* Project object */;
}
